
Microsoft Visual Studio Solution File, Format Version 12.00
# Visual Studio Version 17
VisualStudioVersion = 17.2.32616.157
MinimumVisualStudioVersion = 10.0.40219.1
Project("{FAE04EC0-301F-11D3-BF4B-00C04F79EFBC}") = "QueueSenderAPI", "QueueSenderAPI\QueueSenderAPI.csproj", "{D1FB616A-C3EE-4217-B67C-7E6A19231785}"
EndProject
Project("{FAE04EC0-301F-11D3-BF4B-00C04F79EFBC}") = "QueueReceiver", "QueueReceiver\QueueReceiver.csproj", "{5EB51F42-9FBC-457A-99C9-9963DD664A6A}"
EndProject
Global
	GlobalSection(SolutionConfigurationPlatforms) = preSolution
		Debug|Any CPU = Debug|Any CPU
		Release|Any CPU = Release|Any CPU
	EndGlobalSection
	GlobalSection(ProjectConfigurationPlatforms) = postSolution
		{D1FB616A-C3EE-4217-B67C-7E6A19231785}.Debug|Any CPU.ActiveCfg = Debug|Any CPU
		{D1FB616A-C3EE-4217-B67C-7E6A19231785}.Debug|Any CPU.Build.0 = Debug|Any CPU
		{D1FB616A-C3EE-4217-B67C-7E6A19231785}.Release|Any CPU.ActiveCfg = Release|Any CPU
		{D1FB616A-C3EE-4217-B67C-7E6A19231785}.Release|Any CPU.Build.0 = Release|Any CPU
		{5EB51F42-9FBC-457A-99C9-9963DD664A6A}.Debug|Any CPU.ActiveCfg = Debug|Any CPU
		{5EB51F42-9FBC-457A-99C9-9963DD664A6A}.Debug|Any CPU.Build.0 = Debug|Any CPU
		{5EB51F42-9FBC-457A-99C9-9963DD664A6A}.Release|Any CPU.ActiveCfg = Release|Any CPU
		{5EB51F42-9FBC-457A-99C9-9963DD664A6A}.Release|Any CPU.Build.0 = Release|Any CPU
	EndGlobalSection
	GlobalSection(SolutionProperties) = preSolution
		HideSolutionNode = FALSE
	EndGlobalSection
	GlobalSection(ExtensibilityGlobals) = postSolution
		SolutionGuid = {72784B73-379D-4DC1-8D13-A82D5896AEC8}
	EndGlobalSection
EndGlobal
